[[package]]
category = "dev"
description = "Read/rewrite/write Python ASTs"
name = "astor"
optional = false
python-versions = ">=2.7, !=3.0.*, !=3.1.*, !=3.2.*, !=3.3.*"
version = "0.7.1"

[[package]]
category = "dev"
description = "Atomic file writes."
name = "atomicwrites"
optional = false
python-versions = ">=2.7, !=3.0.*, !=3.1.*, !=3.2.*, !=3.3.*"
version = "1.3.0"

[[package]]
category = "dev"
description = "Classes Without Boilerplate"
name = "attrs"
optional = false
python-versions = "*"
version = "18.2.0"

[package.extras]
dev = ["coverage", "hypothesis", "pympler", "pytest", "six", "zope.interface", "sphinx", "zope.interface", "pre-commit"]
docs = ["sphinx", "zope.interface"]
tests = ["coverage", "hypothesis", "pympler", "pytest", "six", "zope.interface"]

[[package]]
category = "dev"
description = "Cross-platform colored terminal text."
name = "colorama"
optional = false
python-versions = ">=2.7, !=3.0.*, !=3.1.*, !=3.2.*, !=3.3.*"
version = "0.4.1"

[[package]]
category = "dev"
description = "Hunter is a flexible code tracing toolkit."
name = "hunter"
optional = false
python-versions = ">=2.7, !=3.0.*, !=3.1.*, !=3.2.*, !=3.3.*"
version = "2.2.1"

[package.dependencies]
colorama = "*"

[package.extras]
remote = ["manhole (>=1.5.0)"]

[[package]]
category = "main"
description = "A logging replacement for Python"
name = "logbook"
optional = false
python-versions = "*"
version = "1.4.3"

[package.extras]
all = ["pytest (>4.0)", "execnet (>=1.0.9)", "jinja2", "brotli", "redis", "cython", "pytest-cov (>=2.6)", "pyzmq", "sqlalchemy"]
compression = ["brotli"]
dev = ["pytest-cov (>=2.6)", "cython", "pytest (>4.0)"]
execnet = ["execnet (>=1.0.9)"]
jinja = ["jinja2"]
redis = ["redis"]
sqlalchemy = ["sqlalchemy"]
test = ["pytest-cov (>=2.6)", "pytest (>4.0)"]
zmq = ["pyzmq"]

[[package]]
category = "dev"
description = "More routines for operating on iterables, beyond itertools"
marker = "python_version > \"2.7\""
name = "more-itertools"
optional = false
python-versions = ">=3.4"
version = "6.0.0"

[[package]]
category = "dev"
description = "plugin and hook calling mechanisms for python"
name = "pluggy"
optional = false
python-versions = ">=2.7, !=3.0.*, !=3.1.*, !=3.2.*, !=3.3.*"
version = "0.9.0"

[package.extras]
dev = ["pre-commit", "tox"]

[[package]]
category = "dev"
description = "library with cross-python path, ini-parsing, io, code, log facilities"
name = "py"
optional = false
python-versions = ">=2.7, !=3.0.*, !=3.1.*, !=3.2.*, !=3.3.*"
version = "1.8.0"

[[package]]
category = "dev"
description = "pytest: simple powerful testing with Python"
name = "pytest"
optional = false
python-versions = ">=2.7, !=3.0.*, !=3.1.*, !=3.2.*, !=3.3.*"
version = "4.3.0"

[package.dependencies]
atomicwrites = ">=1.0"
attrs = ">=17.4.0"
colorama = "*"
pluggy = ">=0.7"
py = ">=1.5.0"
setuptools = "*"
six = ">=1.10.0"

[package.dependencies.more-itertools]
python = ">2.7"
version = ">=4.0.0"

[package.extras]
testing = ["hypothesis (>=3.56)", "nose", "requests", "mock"]

[[package]]
category = "dev"
description = "Python 2 and 3 compatibility utilities"
name = "six"
optional = false
python-versions = ">=2.6, !=3.0.*, !=3.1.*"
version = "1.12.0"

[[package]]
category = "main"
description = ""
name = "visitor"
optional = false
python-versions = "^3.7"
version = "0.1.0"

[package.dependencies]
Logbook = "^1.4"

[package.source]
reference = ""
type = "directory"
url = "../visitor"

[metadata]
content-hash = "fd5a6bc600726ef8a7d35b3c49619b1a6c65264fed28f86fc0493363f0d5138c"
python-versions = "^3.7"

[metadata.hashes]
astor = ["95c30d87a6c2cf89aa628b87398466840f0ad8652f88eb173125a6df8533fb8d", "fb503b9e2fdd05609fbf557b916b4a7824171203701660f0c55bbf5a7a68713e"]
atomicwrites = ["03472c30eb2c5d1ba9227e4c2ca66ab8287fbfbbda3888aa93dc2e28fc6811b4", "75a9445bac02d8d058d5e1fe689654ba5a6556a1dfd8ce6ec55a0ed79866cfa6"]
attrs = ["10cbf6e27dbce8c30807caf056c8eb50917e0eaafe86347671b57254006c3e69", "ca4be454458f9dec299268d472aaa5a11f67a4ff70093396e1ceae9c76cf4bbb"]
colorama = ["05eed71e2e327246ad6b38c540c4a3117230b19679b875190486ddd2d721422d", "f8ac84de7840f5b9c4e3347b3c1eaa50f7e49c2b07596221daec5edaabbd7c48"]
hunter = ["0276f5cae4a3ef5a8aa777e0c28c994157eadba59742760ecda9de12e624241e", "054f8d9f9d81336250f0d9e054b773defbc69be2110862807634f8425eae71b2", "17a680ae2b1baaca563fcbf957f33ba8578e8698cc9020a00666c7dd96ca99ec", "182106318ad8983b1ead9583e54a1917a6db12c18c5e9717f044111f1dec2dd5", "35182ad2dc37d2e40e775a251c581f33d6d63b2b562d8c6c31cf1b403d76c3ef", "40689435dc1119f10cba9cbf2b4097e0a2d8d67749dfa08d818482cd2115ccd9", "4bd8219ecb3a362d453aa4e8ea24ffc18d59009ce5de200cb0786348a6374248", "4d5f5602a2590023b9504eb19ff6c8d0d5a92281f9283c4635da706225b3cad5", "5b7d0ca2ecc03fe548028f3d8368fa2c6cba6465b27324a402aabbc1491e7765", "6df1008dadff3e023d0ea668a7caa3ca0580333bf9d2e0bce240d8e16332ff29", "90e4a1900c03a97b67b74bd58f6a975daf5ad5a7c74017d5b9a452ad28a79d21", "9699b9797dcf11a21d8d888562002713c52dc7643ffd4b7d37b6e396c323833b", "b92af9b3c780501976c105ac2204fe0f764b1e9f2999887e09acdd47f79cda24", "bfab3e6be38b8d916b63867e01d6696909834d092a97eb31809613bbabddcd22", "dd0058dc73e838b7e986008e5af8ffa3028843b0bea583e1ff92056f3f0bf555", "eda111fb006c7a5704498a3cf560d5959dc96cbeefdda61aba6f6cbb3e476b69", "f48f6b682811299cbd3e99838b4d0752c85ee8c4d06a8c553d7ff7ac13744a0c", "fa8322a470bf34b24bb3d2a73fbce54a2757380cf0148143866266a4d94b00e5"]
logbook = ["a5a96792abd8172c80d61b7530e134524f20e2841981038031e602ed5920fef5"]
more-itertools = ["0125e8f60e9e031347105eb1682cef932f5e97d7b9a1a28d9bf00c22a5daef40", "590044e3942351a1bdb1de960b739ff4ce277960f2425ad4509446dbace8d9d1"]
pluggy = ["19ecf9ce9db2fce065a7a0586e07cfb4ac8614fe96edf628a264b1c70116cf8f", "84d306a647cc805219916e62aab89caa97a33a1dd8c342e87a37f91073cd4746"]
py = ["64f65755aee5b381cea27766a3a147c3f15b9b6b9ac88676de66ba2ae36793fa", "dc639b046a6e2cff5bbe40194ad65936d6ba360b52b3c3fe1d08a82dd50b5e53"]
pytest = ["067a1d4bf827ffdd56ad21bd46674703fce77c5957f6c1eef731f6146bfcef1c", "9687049d53695ad45cf5fdc7bbd51f0c49f1ea3ecfc4b7f3fde7501b541f17f4"]
six = ["3350809f0555b11f552448330d0b52d5f24c91a322ea4a15ef22629740f3761c", "d16a0141ec1a18405cd4ce8b4613101da75da0e9a7aec5bdd4fa804d0e0eba73"]
visitor = []
